
Microsoft Visual Studio Solution File, Format Version 12.00
# Visual Studio Version 16
VisualStudioVersion = 16.0.31019.35
MinimumVisualStudioVersion = 10.0.40219.1
Project("{FAE04EC0-301F-11D3-BF4B-00C04F79EFBC}") = "AddressBook", "AddressBook\AddressBook.csproj", "{2B5E3EC7-143C-48D1-974A-DC39B76625DA}"
EndProject
Global
	GlobalSection(SolutionConfigurationPlatforms) = preSolution
		Debug|Any CPU = Debug|Any CPU
		Release|Any CPU = Release|Any CPU
	EndGlobalSection
	GlobalSection(ProjectConfigurationPlatforms) = postSolution
		{2B5E3EC7-143C-48D1-974A-DC39B76625DA}.Debug|Any CPU.ActiveCfg = Debug|Any CPU
		{2B5E3EC7-143C-48D1-974A-DC39B76625DA}.Debug|Any CPU.Build.0 = Debug|Any CPU
		{2B5E3EC7-143C-48D1-974A-DC39B76625DA}.Release|Any CPU.ActiveCfg = Release|Any CPU
		{2B5E3EC7-143C-48D1-974A-DC39B76625DA}.Release|Any CPU.Build.0 = Release|Any CPU
	EndGlobalSection
	GlobalSection(SolutionProperties) = preSolution
		HideSolutionNode = FALSE
	EndGlobalSection
	GlobalSection(ExtensibilityGlobals) = postSolution
		SolutionGuid = {3C7F76C6-8427-4EF5-B37F-CA6D3DF998BC}
	EndGlobalSection
EndGlobal
